
Microsoft Visual Studio Solution File, Format Version 12.00
# Visual Studio Version 17
VisualStudioVersion = 17.5.33414.496
MinimumVisualStudioVersion = 10.0.40219.1
Project("{FAE04EC0-301F-11D3-BF4B-00C04F79EFBC}") = "Messaging", "Messaging\Messaging.csproj", "{F955760F-9A71-44D3-9E33-BFC77B05A41F}"
EndProject
Project("{FAE04EC0-301F-11D3-BF4B-00C04F79EFBC}") = "Restaraunt.Booking", "Restaraunt.Booking\Restaraunt.Booking.csproj", "{176B0A96-6F8E-4329-9D62-9F4D1D345F46}"
EndProject
Project("{FAE04EC0-301F-11D3-BF4B-00C04F79EFBC}") = "Restaurant.Notification", "Restaurant.Notification\Restaurant.Notification.csproj", "{3258E3A6-E501-4025-9BB2-7251BF917BF7}"
EndProject
Global
	GlobalSection(SolutionConfigurationPlatforms) = preSolution
		Debug|Any CPU = Debug|Any CPU
		Release|Any CPU = Release|Any CPU
	EndGlobalSection
	GlobalSection(ProjectConfigurationPlatforms) = postSolution
		{F955760F-9A71-44D3-9E33-BFC77B05A41F}.Debug|Any CPU.ActiveCfg = Debug|Any CPU
		{F955760F-9A71-44D3-9E33-BFC77B05A41F}.Debug|Any CPU.Build.0 = Debug|Any CPU
		{F955760F-9A71-44D3-9E33-BFC77B05A41F}.Release|Any CPU.ActiveCfg = Release|Any CPU
		{F955760F-9A71-44D3-9E33-BFC77B05A41F}.Release|Any CPU.Build.0 = Release|Any CPU
		{176B0A96-6F8E-4329-9D62-9F4D1D345F46}.Debug|Any CPU.ActiveCfg = Debug|Any CPU
		{176B0A96-6F8E-4329-9D62-9F4D1D345F46}.Debug|Any CPU.Build.0 = Debug|Any CPU
		{176B0A96-6F8E-4329-9D62-9F4D1D345F46}.Release|Any CPU.ActiveCfg = Release|Any CPU
		{176B0A96-6F8E-4329-9D62-9F4D1D345F46}.Release|Any CPU.Build.0 = Release|Any CPU
		{3258E3A6-E501-4025-9BB2-7251BF917BF7}.Debug|Any CPU.ActiveCfg = Debug|Any CPU
		{3258E3A6-E501-4025-9BB2-7251BF917BF7}.Debug|Any CPU.Build.0 = Debug|Any CPU
		{3258E3A6-E501-4025-9BB2-7251BF917BF7}.Release|Any CPU.ActiveCfg = Release|Any CPU
		{3258E3A6-E501-4025-9BB2-7251BF917BF7}.Release|Any CPU.Build.0 = Release|Any CPU
	EndGlobalSection
	GlobalSection(SolutionProperties) = preSolution
		HideSolutionNode = FALSE
	EndGlobalSection
	GlobalSection(ExtensibilityGlobals) = postSolution
		SolutionGuid = {7EE40B25-4017-4313-9E94-60D5EF110C24}
	EndGlobalSection
EndGlobal
